{
  "name": "subtitle-timecode-converter",
  "version": "1.0.0",
  "lockfileVersion": 2,
  "requires": true,
  "packages": {
    "": {
      "name": "subtitle-timecode-converter",
      "version": "1.0.0",
      "license": "ISC",
      "dependencies": {
        "srt-parser-2": "github:ccoenen/srt-parser-2"
      }
    },
    "node_modules/srt-parser-2": {
      "version": "1.1.2",
      "resolved": "git+ssh://git@github.com/ccoenen/srt-parser-2.git#31e7d70cc957fa35376cc91933e18e256aeb6c01",
      "license": "MIT",
      "engines": {
        "node": "*"
      }
    }
  },
  "dependencies": {
    "srt-parser-2": {
      "version": "git+ssh://git@github.com/ccoenen/srt-parser-2.git#31e7d70cc957fa35376cc91933e18e256aeb6c01",
      "from": "srt-parser-2@github:ccoenen/srt-parser-2"
    }
  }
}
