{
  "name": "Research-Review-Tumbler",
  "version": "1.0.0",
  "lockfileVersion": 1,
  "requires": true,
  "dependencies": {
    "node-pdftk": {
      "version": "2.1.1",
      "resolved": "https://registry.npmjs.org/node-pdftk/-/node-pdftk-2.1.1.tgz",
      "integrity": "sha512-v/uRl/Nd9Twjo6MYLpoR5Hu+CC5jLeHO+Tjzn4nB8qEWsX1wAsEYWQjZaRYh+0X6ZygGM9ezgaNKZNZHvywmQw=="
    }
  }
}
